
Microsoft Visual Studio Solution File, Format Version 12.00
# Visual Studio Version 17
VisualStudioVersion = 17.8.34309.116
MinimumVisualStudioVersion = 10.0.40219.1
Project("{FAE04EC0-301F-11D3-BF4B-00C04F79EFBC}") = "DDSAnalytics", "DDSAnalytics\DDSAnalytics.csproj", "{880BFBC0-CE80-4D10-82E2-66F6C5A49C9A}"
EndProject
Global
	GlobalSection(SolutionConfigurationPlatforms) = preSolution
		Debug|Any CPU = Debug|Any CPU
		Release|Any CPU = Release|Any CPU
	EndGlobalSection
	GlobalSection(ProjectConfigurationPlatforms) = postSolution
		{880BFBC0-CE80-4D10-82E2-66F6C5A49C9A}.Debug|Any CPU.ActiveCfg = Debug|Any CPU
		{880BFBC0-CE80-4D10-82E2-66F6C5A49C9A}.Debug|Any CPU.Build.0 = Debug|Any CPU
		{880BFBC0-CE80-4D10-82E2-66F6C5A49C9A}.Release|Any CPU.ActiveCfg = Release|Any CPU
		{880BFBC0-CE80-4D10-82E2-66F6C5A49C9A}.Release|Any CPU.Build.0 = Release|Any CPU
	EndGlobalSection
	GlobalSection(SolutionProperties) = preSolution
		HideSolutionNode = FALSE
	EndGlobalSection
	GlobalSection(ExtensibilityGlobals) = postSolution
		SolutionGuid = {424A4404-D93F-435B-AD11-F89C6AAE9A8B}
	EndGlobalSection
EndGlobal
